
Microsoft Visual Studio Solution File, Format Version 12.00
# Visual Studio Version 16
VisualStudioVersion = 16.0.31112.23
MinimumVisualStudioVersion = 10.0.40219.1
Project("{FAE04EC0-301F-11D3-BF4B-00C04F79EFBC}") = "ModularWebApp", "ModularWebApp.csproj", "{93CCD817-F143-4D74-87FC-D3CEDF061384}"
EndProject
Global
	GlobalSection(SolutionConfigurationPlatforms) = preSolution
		Debug|Any CPU = Debug|Any CPU
		Release|Any CPU = Release|Any CPU
	EndGlobalSection
	GlobalSection(ProjectConfigurationPlatforms) = postSolution
		{93CCD817-F143-4D74-87FC-D3CEDF061384}.Debug|Any CPU.ActiveCfg = Debug|Any CPU
		{93CCD817-F143-4D74-87FC-D3CEDF061384}.Debug|Any CPU.Build.0 = Debug|Any CPU
		{93CCD817-F143-4D74-87FC-D3CEDF061384}.Release|Any CPU.ActiveCfg = Release|Any CPU
		{93CCD817-F143-4D74-87FC-D3CEDF061384}.Release|Any CPU.Build.0 = Release|Any CPU
	EndGlobalSection
	GlobalSection(SolutionProperties) = preSolution
		HideSolutionNode = FALSE
	EndGlobalSection
	GlobalSection(ExtensibilityGlobals) = postSolution
		SolutionGuid = {3EF0BD0C-031D-47AE-AAB3-BDF360E61D7F}
	EndGlobalSection
EndGlobal
